// !$*UTF8*$!
{
	archiveVersion = 1;
	classes = {
	};
	objectVersion = 56;
	objects = {

/* Begin PBXBuildFile section */
		E9456BFB2B752A3F00C11084 /* ParseFacebookUtilsTvOS in Frameworks */ = {isa = PBXBuildFile; productRef = E9456BFA2B752A3F00C11084 /* ParseFacebookUtilsTvOS */; };
		E9456BFD2B752A3F00C11084 /* ParseFacebookUtilsiOS in Frameworks */ = {isa = PBXBuildFile; productRef = E9456BFC2B752A3F00C11084 /* ParseFacebookUtilsiOS */; };
		E9456BFF2B752A3F00C11084 /* ParseLiveQuery in Frameworks */ = {isa = PBXBuildFile; productRef = E9456BFE2B752A3F00C11084 /* ParseLiveQuery */; };
		E9456C012B752A3F00C11084 /* ParseObjC in Frameworks */ = {isa = PBXBuildFile; productRef = E9456C002B752A3F00C11084 /* ParseObjC */; };
		E9456C032B752A3F00C11084 /* ParseTwitterUtils in Frameworks */ = {isa = PBXBuildFile; productRef = E9456C022B752A3F00C11084 /* ParseTwitterUtils */; };
		E9456C052B752A3F00C11084 /* ParseUI in Frameworks */ = {isa = PBXBuildFile; productRef = E9456C042B752A3F00C11084 /* ParseUI */; };
		E96961FB2B7503B400FDADDD /* AppDelegate.swift in Sources */ = {isa = PBXBuildFile; fileRef = E96961FA2B7503B400FDADDD /* AppDelegate.swift */; };
		E96961FD2B7503B400FDADDD /* SceneDelegate.swift in Sources */ = {isa = PBXBuildFile; fileRef = E96961FC2B7503B400FDADDD /* SceneDelegate.swift */; };
		E96961FF2B7503B400FDADDD /* ViewController.swift in Sources */ = {isa = PBXBuildFile; fileRef = E96961FE2B7503B400FDADDD /* ViewController.swift */; };
		E96962022B7503B400FDADDD /* Main.storyboard in Resources */ = {isa = PBXBuildFile; fileRef = E96962002B7503B400FDADDD /* Main.storyboard */; };
		E96962042B7503B500FDADDD /* Assets.xcassets in Resources */ = {isa = PBXBuildFile; fileRef = E96962032B7503B500FDADDD /* Assets.xcassets */; };
		E96962072B7503B500FDADDD /* LaunchScreen.storyboard in Resources */ = {isa = PBXBuildFile; fileRef = E96962052B7503B500FDADDD /* LaunchScreen.storyboard */; };
/* End PBXBuildFile section */

/* Begin PBXFileReference section */
		E96961F72B7503B400FDADDD /* FoursquareCloneParse.app */ = {isa = PBXFileReference; explicitFileType = wrapper.application; includeInIndex = 0; path = FoursquareCloneParse.app; sourceTree = BUILT_PRODUCTS_DIR; };
		E96961FA2B7503B400FDADDD /* AppDelegate.swift */ = {isa = PBXFileReference; lastKnownFileType = sourcecode.swift; path = AppDelegate.swift; sourceTree = "<group>"; };
		E96961FC2B7503B400FDADDD /* SceneDelegate.swift */ = {isa = PBXFileReference; lastKnownFileType = sourcecode.swift; path = SceneDelegate.swift; sourceTree = "<group>"; };
		E96961FE2B7503B400FDADDD /* ViewController.swift */ = {isa = PBXFileReference; lastKnownFileType = sourcecode.swift; path = ViewController.swift; sourceTree = "<group>"; };
		E96962012B7503B400FDADDD /* Base */ = {isa = PBXFileReference; lastKnownFileType = file.storyboard; name = Base; path = Base.lproj/Main.storyboard; sourceTree = "<group>"; };
		E96962032B7503B500FDADDD /* Assets.xcassets */ = {isa = PBXFileReference; lastKnownFileType = folder.assetcatalog; path = Assets.xcassets; sourceTree = "<group>"; };
		E96962062B7503B500FDADDD /* Base */ = {isa = PBXFileReference; lastKnownFileType = file.storyboard; name = Base; path = Base.lproj/LaunchScreen.storyboard; sourceTree = "<group>"; };
		E96962082B7503B500FDADDD /* Info.plist */ = {isa = PBXFileReference; lastKnownFileType = text.plist.xml; path = Info.plist; sourceTree = "<group>"; };
/* End PBXFileReference section */

/* Begin PBXFrameworksBuildPhase section */
		E96961F42B7503B400FDADDD /* Frameworks */ = {
			isa = PBXFrameworksBuildPhase;
			buildActionMask = 2147483647;
			files = (
				E9456C052B752A3F00C11084 /* ParseUI in Frameworks */,
				E9456BFD2B752A3F00C11084 /* ParseFacebookUtilsiOS in Frameworks */,
				E9456C032B752A3F00C11084 /* ParseTwitterUtils in Frameworks */,
				E9456BFF2B752A3F00C11084 /* ParseLiveQuery in Frameworks */,
				E9456C012B752A3F00C11084 /* ParseObjC in Frameworks */,
				E9456BFB2B752A3F00C11084 /* ParseFacebookUtilsTvOS in Frameworks */,
			);
			runOnlyForDeploymentPostprocessing = 0;
		};
/* End PBXFrameworksBuildPhase section */

/* Begin PBXGroup section */
		E96961EE2B7503B400FDADDD = {
			isa = PBXGroup;
			children = (
				E96961F92B7503B400FDADDD /* FoursquareCloneParse */,
				E96961F82B7503B400FDADDD /* Products */,
			);
			sourceTree = "<group>";
		};
		E96961F82B7503B400FDADDD /* Products */ = {
			isa = PBXGroup;
			children = (
				E96961F72B7503B400FDADDD /* FoursquareCloneParse.app */,
			);
			name = Products;
			sourceTree = "<group>";
		};
		E96961F92B7503B400FDADDD /* FoursquareCloneParse */ = {
			isa = PBXGroup;
			children = (
				E96961FA2B7503B400FDADDD /* AppDelegate.swift */,
				E96961FC2B7503B400FDADDD /* SceneDelegate.swift */,
				E96961FE2B7503B400FDADDD /* ViewController.swift */,
				E96962002B7503B400FDADDD /* Main.storyboard */,
				E96962032B7503B500FDADDD /* Assets.xcassets */,
				E96962052B7503B500FDADDD /* LaunchScreen.storyboard */,
				E96962082B7503B500FDADDD /* Info.plist */,
			);
			path = FoursquareCloneParse;
			sourceTree = "<group>";
		};
/* End PBXGroup section */

/* Begin PBXNativeTarget section */
		E96961F62B7503B400FDADDD /* FoursquareCloneParse */ = {
			isa = PBXNativeTarget;
			buildConfigurationList = E969620B2B7503B500FDADDD /* Build configuration list for PBXNativeTarget "FoursquareCloneParse" */;
			buildPhases = (
				E96961F32B7503B400FDADDD /* Sources */,
				E96961F42B7503B400FDADDD /* Frameworks */,
				E96961F52B7503B400FDADDD /* Resources */,
			);
			buildRules = (
			);
			dependencies = (
			);
			name = FoursquareCloneParse;
			packageProductDependencies = (
				E9456BFA2B752A3F00C11084 /* ParseFacebookUtilsTvOS */,
				E9456BFC2B752A3F00C11084 /* ParseFacebookUtilsiOS */,
				E9456BFE2B752A3F00C11084 /* ParseLiveQuery */,
				E9456C002B752A3F00C11084 /* ParseObjC */,
				E9456C022B752A3F00C11084 /* ParseTwitterUtils */,
				E9456C042B752A3F00C11084 /* ParseUI */,
			);
			productName = FoursquareCloneParse;
			productReference = E96961F72B7503B400FDADDD /* FoursquareCloneParse.app */;
			productType = "com.apple.product-type.application";
		};
/* End PBXNativeTarget section */

/* Begin PBXProject section */
		E96961EF2B7503B400FDADDD /* Project object */ = {
			isa = PBXProject;
			attributes = {
				BuildIndependentTargetsInParallel = 1;
				LastSwiftUpdateCheck = 1500;
				LastUpgradeCheck = 1500;
				TargetAttributes = {
					E96961F62B7503B400FDADDD = {
						CreatedOnToolsVersion = 15.0.1;
					};
				};
			};
			buildConfigurationList = E96961F22B7503B400FDADDD /* Build configuration list for PBXProject "FoursquareCloneParse" */;
			compatibilityVersion = "Xcode 14.0";
			developmentRegion = en;
			hasScannedForEncodings = 0;
			knownRegions = (
				en,
				Base,
			);
			mainGroup = E96961EE2B7503B400FDADDD;
			packageReferences = (
				E9456BF92B752A3F00C11084 /* XCRemoteSwiftPackageReference "Parse-SDK-iOS-OSX" */,
			);
			productRefGroup = E96961F82B7503B400FDADDD /* Products */;
			projectDirPath = "";
			projectRoot = "";
			targets = (
				E96961F62B7503B400FDADDD /* FoursquareCloneParse */,
			);
		};
/* End PBXProject section */

/* Begin PBXResourcesBuildPhase section */
		E96961F52B7503B400FDADDD /* Resources */ = {
			isa = PBXResourcesBuildPhase;
			buildActionMask = 2147483647;
			files = (
				E96962072B7503B500FDADDD /* LaunchScreen.storyboard in Resources */,
				E96962042B7503B500FDADDD /* Assets.xcassets in Resources */,
				E96962022B7503B400FDADDD /* Main.storyboard in Resources */,
			);
			runOnlyForDeploymentPostprocessing = 0;
		};
/* End PBXResourcesBuildPhase section */

/* Begin PBXSourcesBuildPhase section */
		E96961F32B7503B400FDADDD /* Sources */ = {
			isa = PBXSourcesBuildPhase;
			buildActionMask = 2147483647;
			files = (
				E96961FF2B7503B400FDADDD /* ViewController.swift in Sources */,
				E96961FB2B7503B400FDADDD /* AppDelegate.swift in Sources */,
				E96961FD2B7503B400FDADDD /* SceneDelegate.swift in Sources */,
			);
			runOnlyForDeploymentPostprocessing = 0;
		};
/* End PBXSourcesBuildPhase section */

/* Begin PBXVariantGroup section */
		E96962002B7503B400FDADDD /* Main.storyboard */ = {
			isa = PBXVariantGroup;
			children = (
				E96962012B7503B400FDADDD /* Base */,
			);
			name = Main.storyboard;
			sourceTree = "<group>";
		};
		E96962052B7503B500FDADDD /* LaunchScreen.storyboard */ = {
			isa = PBXVariantGroup;
			children = (
				E96962062B7503B500FDADDD /* Base */,
			);
			name = LaunchScreen.storyboard;
			sourceTree = "<group>";
		};
/* End PBXVariantGroup section */

/* Begin XCBuildConfiguration section */
		E96962092B7503B500FDADDD /* Debug */ = {
			isa = XCBuildConfiguration;
			buildSettings = {
				ALWAYS_SEARCH_USER_PATHS = NO;
				ASSETCATALOG_COMPILER_GENERATE_SWIFT_ASSET_SYMBOL_EXTENSIONS = YES;
				CLANG_ANALYZER_NONNULL = YES;
				CLANG_ANALYZER_NUMBER_OBJECT_CONVERSION = YES_AGGRESSIVE;
				CLANG_CXX_LANGUAGE_STANDARD = "gnu++20";
				CLANG_ENABLE_MODULES = YES;
				CLANG_ENABLE_OBJC_ARC = YES;
				CLANG_ENABLE_OBJC_WEAK = YES;
				CLANG_WARN_BLOCK_CAPTURE_AUTORELEASING = YES;
				CLANG_WARN_BOOL_CONVERSION = YES;
				CLANG_WARN_COMMA = YES;
				CLANG_WARN_CONSTANT_CONVERSION = YES;
				CLANG_WARN_DEPRECATED_OBJC_IMPLEMENTATIONS = YES;
				CLANG_WARN_DIRECT_OBJC_ISA_USAGE = YES_ERROR;
				CLANG_WARN_DOCUMENTATION_COMMENTS = YES;
				CLANG_WARN_EMPTY_BODY = YES;
				CLANG_WARN_ENUM_CONVERSION = YES;
				CLANG_WARN_INFINITE_RECURSION = YES;
				CLANG_WARN_INT_CONVERSION = YES;
				CLANG_WARN_NON_LITERAL_NULL_CONVERSION = YES;
				CLANG_WARN_OBJC_IMPLICIT_RETAIN_SELF = YES;
				CLANG_WARN_OBJC_LITERAL_CONVERSION = YES;
				CLANG_WARN_OBJC_ROOT_CLASS = YES_ERROR;
				CLANG_WARN_QUOTED_INCLUDE_IN_FRAMEWORK_HEADER = YES;
				CLANG_WARN_RANGE_LOOP_ANALYSIS = YES;
				CLANG_WARN_STRICT_PROTOTYPES = YES;
				CLANG_WARN_SUSPICIOUS_MOVE = YES;
				CLANG_WARN_UNGUARDED_AVAILABILITY = YES_AGGRESSIVE;
				CLANG_WARN_UNREACHABLE_CODE = YES;
				CLANG_WARN__DUPLICATE_METHOD_MATCH = YES;
				COPY_PHASE_STRIP = NO;
				DEBUG_INFORMATION_FORMAT = dwarf;
				ENABLE_STRICT_OBJC_MSGSEND = YES;
				ENABLE_TESTABILITY = YES;
				ENABLE_USER_SCRIPT_SANDBOXING = YES;
				GCC_C_LANGUAGE_STANDARD = gnu17;
				GCC_DYNAMIC_NO_PIC = NO;
				GCC_NO_COMMON_BLOCKS = YES;
				GCC_OPTIMIZATION_LEVEL = 0;
				GCC_PREPROCESSOR_DEFINITIONS = (
					"DEBUG=1",
					"$(inherited)",
				);
				GCC_WARN_64_TO_32_BIT_CONVERSION = YES;
				GCC_WARN_ABOUT_RETURN_TYPE = YES_ERROR;
				GCC_WARN_UNDECLARED_SELECTOR = YES;
				GCC_WARN_UNINITIALIZED_AUTOS = YES_AGGRESSIVE;
				GCC_WARN_UNUSED_FUNCTION = YES;
				GCC_WARN_UNUSED_VARIABLE = YES;
				IPHONEOS_DEPLOYMENT_TARGET = 17.0;
				LOCALIZATION_PREFERS_STRING_CATALOGS = YES;
				MTL_ENABLE_DEBUG_INFO = INCLUDE_SOURCE;
				MTL_FAST_MATH = YES;
				ONLY_ACTIVE_ARCH = YES;
				SDKROOT = iphoneos;
				SWIFT_ACTIVE_COMPILATION_CONDITIONS = "DEBUG $(inherited)";
				SWIFT_OPTIMIZATION_LEVEL = "-Onone";
			};
			name = Debug;
		};
		E969620A2B7503B500FDADDD /* Release */ = {
			isa = XCBuildConfiguration;
			buildSettings = {
				ALWAYS_SEARCH_USER_PATHS = NO;
				ASSETCATALOG_COMPILER_GENERATE_SWIFT_ASSET_SYMBOL_EXTENSIONS = YES;
				CLANG_ANALYZER_NONNULL = YES;
				CLANG_ANALYZER_NUMBER_OBJECT_CONVERSION = YES_AGGRESSIVE;
				CLANG_CXX_LANGUAGE_STANDARD = "gnu++20";
				CLANG_ENABLE_MODULES = YES;
				CLANG_ENABLE_OBJC_ARC = YES;
				CLANG_ENABLE_OBJC_WEAK = YES;
				CLANG_WARN_BLOCK_CAPTURE_AUTORELEASING = YES;
				CLANG_WARN_BOOL_CONVERSION = YES;
				CLANG_WARN_COMMA = YES;
				CLANG_WARN_CONSTANT_CONVERSION = YES;
				CLANG_WARN_DEPRECATED_OBJC_IMPLEMENTATIONS = YES;
				CLANG_WARN_DIRECT_OBJC_ISA_USAGE = YES_ERROR;
				CLANG_WARN_DOCUMENTATION_COMMENTS = YES;
				CLANG_WARN_EMPTY_BODY = YES;
				CLANG_WARN_ENUM_CONVERSION = YES;
				CLANG_WARN_INFINITE_RECURSION = YES;
				CLANG_WARN_INT_CONVERSION = YES;
				CLANG_WARN_NON_LITERAL_NULL_CONVERSION = YES;
				CLANG_WARN_OBJC_IMPLICIT_RETAIN_SELF = YES;
				CLANG_WARN_OBJC_LITERAL_CONVERSION = YES;
				CLANG_WARN_OBJC_ROOT_CLASS = YES_ERROR;
				CLANG_WARN_QUOTED_INCLUDE_IN_FRAMEWORK_HEADER = YES;
				CLANG_WARN_RANGE_LOOP_ANALYSIS = YES;
				CLANG_WARN_STRICT_PROTOTYPES = YES;
				CLANG_WARN_SUSPICIOUS_MOVE = YES;
				CLANG_WARN_UNGUARDED_AVAILABILITY = YES_AGGRESSIVE;
				CLANG_WARN_UNREACHABLE_CODE = YES;
				CLANG_WARN__DUPLICATE_METHOD_MATCH = YES;
				COPY_PHASE_STRIP = NO;
				DEBUG_INFORMATION_FORMAT = "dwarf-with-dsym";
				ENABLE_NS_ASSERTIONS = NO;
				ENABLE_STRICT_OBJC_MSGSEND = YES;
				ENABLE_USER_SCRIPT_SANDBOXING = YES;
				GCC_C_LANGUAGE_STANDARD = gnu17;
				GCC_NO_COMMON_BLOCKS = YES;
				GCC_WARN_64_TO_32_BIT_CONVERSION = YES;
				GCC_WARN_ABOUT_RETURN_TYPE = YES_ERROR;
				GCC_WARN_UNDECLARED_SELECTOR = YES;
				GCC_WARN_UNINITIALIZED_AUTOS = YES_AGGRESSIVE;
				GCC_WARN_UNUSED_FUNCTION = YES;
				GCC_WARN_UNUSED_VARIABLE = YES;
				IPHONEOS_DEPLOYMENT_TARGET = 17.0;
				LOCALIZATION_PREFERS_STRING_CATALOGS = YES;
				MTL_ENABLE_DEBUG_INFO = NO;
				MTL_FAST_MATH = YES;
				SDKROOT = iphoneos;
				SWIFT_COMPILATION_MODE = wholemodule;
				VALIDATE_PRODUCT = YES;
			};
			name = Release;
		};
		E969620C2B7503B500FDADDD /* Debug */ = {
			isa = XCBuildConfiguration;
			buildSettings = {
				ASSETCATALOG_COMPILER_APPICON_NAME = AppIcon;
				ASSETCATALOG_COMPILER_GLOBAL_ACCENT_COLOR_NAME = AccentColor;
				CODE_SIGN_STYLE = Automatic;
				CURRENT_PROJECT_VERSION = 1;
				DEVELOPMENT_TEAM = LJX6AZ3WT8;
				GENERATE_INFOPLIST_FILE = YES;
				INFOPLIST_FILE = FoursquareCloneParse/Info.plist;
				INFOPLIST_KEY_UIApplicationSupportsIndirectInputEvents = YES;
				INFOPLIST_KEY_UILaunchStoryboardName = LaunchScreen;
				INFOPLIST_KEY_UIMainStoryboardFile = Main;
				INFOPLIST_KEY_UISupportedInterfaceOrientations_iPad = "UIInterfaceOrientationPortrait UIInterfaceOrientationPortraitUpsideDown UIInterfaceOrientationLandscapeLeft UIInterfaceOrientationLandscapeRight";
				INFOPLIST_KEY_UISupportedInterfaceOrientations_iPhone = "UIInterfaceOrientationPortrait UIInterfaceOrientationLandscapeLeft UIInterfaceOrientationLandscapeRight";
				LD_RUNPATH_SEARCH_PATHS = (
					"$(inherited)",
					"@executable_path/Frameworks",
				);
				MARKETING_VERSION = 1.0;
				PRODUCT_BUNDLE_IDENTIFIER = DavudGunduz.FoursquareCloneParse;
				PRODUCT_NAME = "$(TARGET_NAME)";
				SWIFT_EMIT_LOC_STRINGS = YES;
				SWIFT_VERSION = 5.0;
				TARGETED_DEVICE_FAMILY = "1,2";
			};
			name = Debug;
		};
		E969620D2B7503B500FDADDD /* Release */ = {
			isa = XCBuildConfiguration;
			buildSettings = {
				ASSETCATALOG_COMPILER_APPICON_NAME = AppIcon;
				ASSETCATALOG_COMPILER_GLOBAL_ACCENT_COLOR_NAME = AccentColor;
				CODE_SIGN_STYLE = Automatic;
				CURRENT_PROJECT_VERSION = 1;
				DEVELOPMENT_TEAM = LJX6AZ3WT8;
				GENERATE_INFOPLIST_FILE = YES;
				INFOPLIST_FILE = FoursquareCloneParse/Info.plist;
				INFOPLIST_KEY_UIApplicationSupportsIndirectInputEvents = YES;
				INFOPLIST_KEY_UILaunchStoryboardName = LaunchScreen;
				INFOPLIST_KEY_UIMainStoryboardFile = Main;
				INFOPLIST_KEY_UISupportedInterfaceOrientations_iPad = "UIInterfaceOrientationPortrait UIInterfaceOrientationPortraitUpsideDown UIInterfaceOrientationLandscapeLeft UIInterfaceOrientationLandscapeRight";
				INFOPLIST_KEY_UISupportedInterfaceOrientations_iPhone = "UIInterfaceOrientationPortrait UIInterfaceOrientationLandscapeLeft UIInterfaceOrientationLandscapeRight";
				LD_RUNPATH_SEARCH_PATHS = (
					"$(inherited)",
					"@executable_path/Frameworks",
				);
				MARKETING_VERSION = 1.0;
				PRODUCT_BUNDLE_IDENTIFIER = DavudGunduz.FoursquareCloneParse;
				PRODUCT_NAME = "$(TARGET_NAME)";
				SWIFT_EMIT_LOC_STRINGS = YES;
				SWIFT_VERSION = 5.0;
				TARGETED_DEVICE_FAMILY = "1,2";
			};
			name = Release;
		};
/* End XCBuildConfiguration section */

/* Begin XCConfigurationList section */
		E96961F22B7503B400FDADDD /* Build configuration list for PBXProject "FoursquareCloneParse" */ = {
			isa = XCConfigurationList;
			buildConfigurations = (
				E96962092B7503B500FDADDD /* Debug */,
				E969620A2B7503B500FDADDD /* Release */,
			);
			defaultConfigurationIsVisible = 0;
			defaultConfigurationName = Release;
		};
		E969620B2B7503B500FDADDD /* Build configuration list for PBXNativeTarget "FoursquareCloneParse" */ = {
			isa = XCConfigurationList;
			buildConfigurations = (
				E969620C2B7503B500FDADDD /* Debug */,
				E969620D2B7503B500FDADDD /* Release */,
			);
			defaultConfigurationIsVisible = 0;
			defaultConfigurationName = Release;
		};
/* End XCConfigurationList section */

/* Begin XCRemoteSwiftPackageReference section */
		E9456BF92B752A3F00C11084 /* XCRemoteSwiftPackageReference "Parse-SDK-iOS-OSX" */ = {
			isa = XCRemoteSwiftPackageReference;
			repositoryURL = "https://github.com/parse-community/Parse-SDK-iOS-OSX";
			requirement = {
				kind = upToNextMajorVersion;
				minimumVersion = 2.7.3;
			};
		};
/* End XCRemoteSwiftPackageReference section */

/* Begin XCSwiftPackageProductDependency section */
		E9456BFA2B752A3F00C11084 /* ParseFacebookUtilsTvOS */ = {
			isa = XCSwiftPackageProductDependency;
			package = E9456BF92B752A3F00C11084 /* XCRemoteSwiftPackageReference "Parse-SDK-iOS-OSX" */;
			productName = ParseFacebookUtilsTvOS;
		};
		E9456BFC2B752A3F00C11084 /* ParseFacebookUtilsiOS */ = {
			isa = XCSwiftPackageProductDependency;
			package = E9456BF92B752A3F00C11084 /* XCRemoteSwiftPackageReference "Parse-SDK-iOS-OSX" */;
			productName = ParseFacebookUtilsiOS;
		};
		E9456BFE2B752A3F00C11084 /* ParseLiveQuery */ = {
			isa = XCSwiftPackageProductDependency;
			package = E9456BF92B752A3F00C11084 /* XCRemoteSwiftPackageReference "Parse-SDK-iOS-OSX" */;
			productName = ParseLiveQuery;
		};
		E9456C002B752A3F00C11084 /* ParseObjC */ = {
			isa = XCSwiftPackageProductDependency;
			package = E9456BF92B752A3F00C11084 /* XCRemoteSwiftPackageReference "Parse-SDK-iOS-OSX" */;
			productName = ParseObjC;
		};
		E9456C022B752A3F00C11084 /* ParseTwitterUtils */ = {
			isa = XCSwiftPackageProductDependency;
			package = E9456BF92B752A3F00C11084 /* XCRemoteSwiftPackageReference "Parse-SDK-iOS-OSX" */;
			productName = ParseTwitterUtils;
		};
		E9456C042B752A3F00C11084 /* ParseUI */ = {
			isa = XCSwiftPackageProductDependency;
			package = E9456BF92B752A3F00C11084 /* XCRemoteSwiftPackageReference "Parse-SDK-iOS-OSX" */;
			productName = ParseUI;
		};
/* End XCSwiftPackageProductDependency section */
	};
	rootObject = E96961EF2B7503B400FDADDD /* Project object */;
}
